
Microsoft Visual Studio Solution File, Format Version 12.00
# Visual Studio 15
VisualStudioVersion = 15.0.28307.779
MinimumVisualStudioVersion = 10.0.40219.1
Project("{2150E333-8FDC-42A3-9474-1A3956D46DE8}") = "0 - Domain", "0 - Domain", "{12D01EF0-51C7-43B1-AA49-51945C54CBD2}"
EndProject
Project("{2150E333-8FDC-42A3-9474-1A3956D46DE8}") = "1 - Test", "1 - Test", "{09630B4E-DA83-4CCA-9EF4-7E6733FA7856}"
EndProject
Project("{2150E333-8FDC-42A3-9474-1A3956D46DE8}") = "2 - Infra", "2 - Infra", "{FC1EF684-DCF4-4893-AC8B-46A313C21997}"
EndProject
Project("{2150E333-8FDC-42A3-9474-1A3956D46DE8}") = "3 - Application", "3 - Application", "{669A7DF1-65AA-4617-94A2-4AD88FE1BE70}"
EndProject
Project("{2150E333-8FDC-42A3-9474-1A3956D46DE8}") = "4 - API", "4 - API", "{7FB914EE-F581-478F-ACF6-56F5C84CE4FD}"
EndProject
Project("{2150E333-8FDC-42A3-9474-1A3956D46DE8}") = "5 - Presentation", "5 - Presentation", "{2BDEED7B-307B-44DA-B317-87E7C881F242}"
EndProject
Project("{FAE04EC0-301F-11D3-BF4B-00C04F79EFBC}") = "Switch.Domain", "Switch.Domain\Switch.Domain.csproj", "{DF8495F5-7447-490B-BA9A-C843AD196EEA}"
EndProject
Project("{FAE04EC0-301F-11D3-BF4B-00C04F79EFBC}") = "Switch.Domain.Tests", "Switch.Tests\Switch.Domain.Tests.csproj", "{DA501158-17D4-41F9-BF2D-851601D12840}"
EndProject
Project("{2150E333-8FDC-42A3-9474-1A3956D46DE8}") = "2.1 CrossCutting", "2.1 CrossCutting", "{17DFB00A-CC68-4F78-88C5-F41F65F2E514}"
EndProject
Project("{2150E333-8FDC-42A3-9474-1A3956D46DE8}") = "2.2 Data", "2.2 Data", "{8A05DF1D-476F-4759-B068-2993F7454039}"
EndProject
Project("{FAE04EC0-301F-11D3-BF4B-00C04F79EFBC}") = "Switch.Infra.Data", "Switch.Infra.Data\Switch.Infra.Data.csproj", "{6D34483D-5E42-493D-A709-3F5B7B9E289A}"
EndProject
Project("{FAE04EC0-301F-11D3-BF4B-00C04F79EFBC}") = "Switch.Application", "Switch.Application\Switch.Application.csproj", "{37C683EE-1F0F-4180-9A31-EDD9AEA023D1}"
EndProject
Project("{FAE04EC0-301F-11D3-BF4B-00C04F79EFBC}") = "Switch.API", "Switch.API\Switch.API.csproj", "{994C006A-03F2-49F6-B343-02B4353ADED3}"
EndProject
Global
	GlobalSection(SolutionConfigurationPlatforms) = preSolution
		Debug|Any CPU = Debug|Any CPU
		Release|Any CPU = Release|Any CPU
	EndGlobalSection
	GlobalSection(ProjectConfigurationPlatforms) = postSolution
		{DF8495F5-7447-490B-BA9A-C843AD196EEA}.Debug|Any CPU.ActiveCfg = Debug|Any CPU
		{DF8495F5-7447-490B-BA9A-C843AD196EEA}.Debug|Any CPU.Build.0 = Debug|Any CPU
		{DF8495F5-7447-490B-BA9A-C843AD196EEA}.Release|Any CPU.ActiveCfg = Release|Any CPU
		{DF8495F5-7447-490B-BA9A-C843AD196EEA}.Release|Any CPU.Build.0 = Release|Any CPU
		{DA501158-17D4-41F9-BF2D-851601D12840}.Debug|Any CPU.ActiveCfg = Debug|Any CPU
		{DA501158-17D4-41F9-BF2D-851601D12840}.Debug|Any CPU.Build.0 = Debug|Any CPU
		{DA501158-17D4-41F9-BF2D-851601D12840}.Release|Any CPU.ActiveCfg = Release|Any CPU
		{DA501158-17D4-41F9-BF2D-851601D12840}.Release|Any CPU.Build.0 = Release|Any CPU
		{6D34483D-5E42-493D-A709-3F5B7B9E289A}.Debug|Any CPU.ActiveCfg = Debug|Any CPU
		{6D34483D-5E42-493D-A709-3F5B7B9E289A}.Debug|Any CPU.Build.0 = Debug|Any CPU
		{6D34483D-5E42-493D-A709-3F5B7B9E289A}.Release|Any CPU.ActiveCfg = Release|Any CPU
		{6D34483D-5E42-493D-A709-3F5B7B9E289A}.Release|Any CPU.Build.0 = Release|Any CPU
		{37C683EE-1F0F-4180-9A31-EDD9AEA023D1}.Debug|Any CPU.ActiveCfg = Debug|Any CPU
		{37C683EE-1F0F-4180-9A31-EDD9AEA023D1}.Debug|Any CPU.Build.0 = Debug|Any CPU
		{37C683EE-1F0F-4180-9A31-EDD9AEA023D1}.Release|Any CPU.ActiveCfg = Release|Any CPU
		{37C683EE-1F0F-4180-9A31-EDD9AEA023D1}.Release|Any CPU.Build.0 = Release|Any CPU
		{994C006A-03F2-49F6-B343-02B4353ADED3}.Debug|Any CPU.ActiveCfg = Debug|Any CPU
		{994C006A-03F2-49F6-B343-02B4353ADED3}.Debug|Any CPU.Build.0 = Debug|Any CPU
		{994C006A-03F2-49F6-B343-02B4353ADED3}.Release|Any CPU.ActiveCfg = Release|Any CPU
		{994C006A-03F2-49F6-B343-02B4353ADED3}.Release|Any CPU.Build.0 = Release|Any CPU
	EndGlobalSection
	GlobalSection(SolutionProperties) = preSolution
		HideSolutionNode = FALSE
	EndGlobalSection
	GlobalSection(NestedProjects) = preSolution
		{DF8495F5-7447-490B-BA9A-C843AD196EEA} = {12D01EF0-51C7-43B1-AA49-51945C54CBD2}
		{DA501158-17D4-41F9-BF2D-851601D12840} = {09630B4E-DA83-4CCA-9EF4-7E6733FA7856}
		{17DFB00A-CC68-4F78-88C5-F41F65F2E514} = {FC1EF684-DCF4-4893-AC8B-46A313C21997}
		{8A05DF1D-476F-4759-B068-2993F7454039} = {FC1EF684-DCF4-4893-AC8B-46A313C21997}
		{6D34483D-5E42-493D-A709-3F5B7B9E289A} = {8A05DF1D-476F-4759-B068-2993F7454039}
		{37C683EE-1F0F-4180-9A31-EDD9AEA023D1} = {669A7DF1-65AA-4617-94A2-4AD88FE1BE70}
		{994C006A-03F2-49F6-B343-02B4353ADED3} = {7FB914EE-F581-478F-ACF6-56F5C84CE4FD}
	EndGlobalSection
	GlobalSection(ExtensibilityGlobals) = postSolution
		SolutionGuid = {04F77A73-E4EA-4F91-A878-FD1097438062}
	EndGlobalSection
EndGlobal
